
Microsoft Visual Studio Solution File, Format Version 12.00
# Visual Studio 15
VisualStudioVersion = 15.0.28010.2046
MinimumVisualStudioVersion = 10.0.40219.1
Project("{FAE04EC0-301F-11D3-BF4B-00C04F79EFBC}") = "School", "School\School.csproj", "{62315C92-548C-4C55-B990-E1A9CBCA1F2D}"
EndProject
Project("{FAE04EC0-301F-11D3-BF4B-00C04F79EFBC}") = "BLL", "BLL\BLL.csproj", "{B7C6F23C-E667-4088-94E8-92656E869704}"
EndProject
Project("{FAE04EC0-301F-11D3-BF4B-00C04F79EFBC}") = "DAL", "DAL\DAL.csproj", "{8EFDD750-08A7-42E0-B96A-D90F27E0575E}"
EndProject
Global
	GlobalSection(SolutionConfigurationPlatforms) = preSolution
		Debug|Any CPU = Debug|Any CPU
		Release|Any CPU = Release|Any CPU
	EndGlobalSection
	GlobalSection(ProjectConfigurationPlatforms) = postSolution
		{62315C92-548C-4C55-B990-E1A9CBCA1F2D}.Debug|Any CPU.ActiveCfg = Debug|Any CPU
		{62315C92-548C-4C55-B990-E1A9CBCA1F2D}.Debug|Any CPU.Build.0 = Debug|Any CPU
		{62315C92-548C-4C55-B990-E1A9CBCA1F2D}.Release|Any CPU.ActiveCfg = Release|Any CPU
		{62315C92-548C-4C55-B990-E1A9CBCA1F2D}.Release|Any CPU.Build.0 = Release|Any CPU
		{B7C6F23C-E667-4088-94E8-92656E869704}.Debug|Any CPU.ActiveCfg = Debug|Any CPU
		{B7C6F23C-E667-4088-94E8-92656E869704}.Debug|Any CPU.Build.0 = Debug|Any CPU
		{B7C6F23C-E667-4088-94E8-92656E869704}.Release|Any CPU.ActiveCfg = Release|Any CPU
		{B7C6F23C-E667-4088-94E8-92656E869704}.Release|Any CPU.Build.0 = Release|Any CPU
		{8EFDD750-08A7-42E0-B96A-D90F27E0575E}.Debug|Any CPU.ActiveCfg = Debug|Any CPU
		{8EFDD750-08A7-42E0-B96A-D90F27E0575E}.Debug|Any CPU.Build.0 = Debug|Any CPU
		{8EFDD750-08A7-42E0-B96A-D90F27E0575E}.Release|Any CPU.ActiveCfg = Release|Any CPU
		{8EFDD750-08A7-42E0-B96A-D90F27E0575E}.Release|Any CPU.Build.0 = Release|Any CPU
	EndGlobalSection
	GlobalSection(SolutionProperties) = preSolution
		HideSolutionNode = FALSE
	EndGlobalSection
	GlobalSection(ExtensibilityGlobals) = postSolution
		SolutionGuid = {6194F31C-553F-4532-B4E4-11F1C81D8850}
	EndGlobalSection
EndGlobal
